
Microsoft Visual Studio Solution File, Format Version 12.00
# Visual Studio Version 16
VisualStudioVersion = 16.0.31112.23
MinimumVisualStudioVersion = 10.0.40219.1
Project("{FAE04EC0-301F-11D3-BF4B-00C04F79EFBC}") = "RteExtractor", "RteExtractor\RteExtractor.csproj", "{F49E3E76-A02E-4820-9CBF-4F96987D7A12}"
EndProject
Global
	GlobalSection(SolutionConfigurationPlatforms) = preSolution
		Debug|Any CPU = Debug|Any CPU
		Release|Any CPU = Release|Any CPU
	EndGlobalSection
	GlobalSection(ProjectConfigurationPlatforms) = postSolution
		{F49E3E76-A02E-4820-9CBF-4F96987D7A12}.Debug|Any CPU.ActiveCfg = Debug|Any CPU
		{F49E3E76-A02E-4820-9CBF-4F96987D7A12}.Debug|Any CPU.Build.0 = Debug|Any CPU
		{F49E3E76-A02E-4820-9CBF-4F96987D7A12}.Release|Any CPU.ActiveCfg = Release|Any CPU
		{F49E3E76-A02E-4820-9CBF-4F96987D7A12}.Release|Any CPU.Build.0 = Release|Any CPU
	EndGlobalSection
	GlobalSection(SolutionProperties) = preSolution
		HideSolutionNode = FALSE
	EndGlobalSection
	GlobalSection(ExtensibilityGlobals) = postSolution
		SolutionGuid = {D1CABF9F-CE74-4ACB-8EFF-CD18F3A02A30}
	EndGlobalSection
EndGlobal
